
Microsoft Visual Studio Solution File, Format Version 12.00
# Visual Studio Version 17
VisualStudioVersion = 17.2.32210.308
MinimumVisualStudioVersion = 10.0.40219.1
Project("{9A19103F-16F7-4668-BE54-9A1E7A4F7556}") = "ColorUtilitiesTestApp", "ColorUtilitiesTestApp\ColorUtilitiesTestApp.csproj", "{64D635DD-184F-48CF-B0C0-8246BE149C74}"
EndProject
Project("{FAE04EC0-301F-11D3-BF4B-00C04F79EFBC}") = "ColorEncoding", "ColorEncoding\ColorEncoding.csproj", "{9C4E12BD-B63C-4804-B595-6939BC14D8A8}"
EndProject
Project("{FAE04EC0-301F-11D3-BF4B-00C04F79EFBC}") = "Tests", "Tests\Tests.csproj", "{9E4C97D2-3AF2-453B-93D6-18BCBC393C34}"
EndProject
Global
	GlobalSection(SolutionConfigurationPlatforms) = preSolution
		Debug|Any CPU = Debug|Any CPU
		Release|Any CPU = Release|Any CPU
	EndGlobalSection
	GlobalSection(ProjectConfigurationPlatforms) = postSolution
		{64D635DD-184F-48CF-B0C0-8246BE149C74}.Debug|Any CPU.ActiveCfg = Debug|Any CPU
		{64D635DD-184F-48CF-B0C0-8246BE149C74}.Debug|Any CPU.Build.0 = Debug|Any CPU
		{64D635DD-184F-48CF-B0C0-8246BE149C74}.Release|Any CPU.ActiveCfg = Release|Any CPU
		{64D635DD-184F-48CF-B0C0-8246BE149C74}.Release|Any CPU.Build.0 = Release|Any CPU
		{9C4E12BD-B63C-4804-B595-6939BC14D8A8}.Debug|Any CPU.ActiveCfg = Debug|Any CPU
		{9C4E12BD-B63C-4804-B595-6939BC14D8A8}.Debug|Any CPU.Build.0 = Debug|Any CPU
		{9C4E12BD-B63C-4804-B595-6939BC14D8A8}.Release|Any CPU.ActiveCfg = Release|Any CPU
		{9C4E12BD-B63C-4804-B595-6939BC14D8A8}.Release|Any CPU.Build.0 = Release|Any CPU
		{9E4C97D2-3AF2-453B-93D6-18BCBC393C34}.Debug|Any CPU.ActiveCfg = Debug|Any CPU
		{9E4C97D2-3AF2-453B-93D6-18BCBC393C34}.Debug|Any CPU.Build.0 = Debug|Any CPU
		{9E4C97D2-3AF2-453B-93D6-18BCBC393C34}.Release|Any CPU.ActiveCfg = Release|Any CPU
		{9E4C97D2-3AF2-453B-93D6-18BCBC393C34}.Release|Any CPU.Build.0 = Release|Any CPU
	EndGlobalSection
	GlobalSection(SolutionProperties) = preSolution
		HideSolutionNode = FALSE
	EndGlobalSection
	GlobalSection(ExtensibilityGlobals) = postSolution
		SolutionGuid = {7DF7E586-32EC-4A79-ADB9-23000EB20D3E}
	EndGlobalSection
EndGlobal
